PODS:
  - Alamofire (4.3.0)
  - SQLite.swift (0.11.2):
    - SQLite.swift/standard (= 0.11.2)
  - SQLite.swift/standard (0.11.2)
  - SwiftyJSON (3.1.4)

DEPENDENCIES:
  - Alamofire (~> 4.3)
  - SQLite.swift (~> 0.11.2)
  - SwiftyJSON (~> 3.1.1)

SPEC CHECKSUMS:
  Alamofire: 856a113053a7bc9cbe5d6367a555d773fc5cfef7
  SQLite.swift: 670c3e9e0a806bbfd56a3de5d530768dc0e6fe7c
  SwiftyJSON: c2842d878f95482ffceec5709abc3d05680c0220

PODFILE CHECKSUM: e5f40bf348da4c5ea62fa9eea024aea0a609b891

COCOAPODS: 1.2.0
